{
    "_meta": {
        "hash": {
            "sha256": "a0bbe47f9ed733e1e170c07ab6f4765b451a72cb53fd31305b7f9897d321b863"
        },
        "pipfile-spec": 6,
        "requires": {
            "python_version": "3.9"
        },
        "sources": [
            {
                "name": "pypi",
                "url": "https://pypi.org/simple",
                "verify_ssl": true
            }
        ]
    },
    "default": {
        "filedate": {
            "hashes": [
                "sha256:5d6104c298b6d398d6200a35f075610f22efd677c9f25b08d6c0d1809f4f2693"
            ],
            "index": "pypi",
            "version": "==2.0"
        },
        "mutagen": {
            "hashes": [
                "sha256:6397602efb3c2d7baebd2166ed85731ae1c1d475abca22090b7141ff5034b3e1",
                "sha256:9c9f243fcec7f410f138cb12c21c84c64fde4195481a30c9bfb05b5f003adfed"
            ],
            "index": "pypi",
            "version": "==1.45.1"
        },
        "python-dateutil": {
            "hashes": [
                "sha256:0123cacc1627ae19ddf3c27a5de5bd67ee4586fbdd6440d9748f8abb483d3e86",
                "sha256:961d03dc3453ebbc59dbdea9e4e11c5651520a876d0f4db161e8674aae935da9"
            ],
            "markers": "python_version >= '2.7' and python_version not in '3.0, 3.1, 3.2, 3.3'",
            "version": "==2.8.2"
        },
        "six": {
            "hashes": [
                "sha256:1e61c37477a1626458e36f7b1d82aa5c9b094fa4802892072e49de9c60c4c926",
                "sha256:8abb2f1d86890a2dfb989f9a77cfcfd3e47c2a354b01111771326f8aa26e0254"
            ],
            "markers": "python_version >= '2.7' and python_version not in '3.0, 3.1, 3.2, 3.3'",
            "version": "==1.16.0"
        }
    },
    "develop": {
        "pycodestyle": {
            "hashes": [
                "sha256:2c9607871d58c76354b697b42f5d57e1ada7d261c261efac224b664affdc5785",
                "sha256:d1735fc58b418fd7c5f658d28d943854f8a849b01a5d0a1e6f3f3fdd0166804b"
            ],
            "index": "pypi",
            "version": "==2.9.1"
        }
    }
}
